{
    "version": 3,
    "terraform_version": "0.9.3",
    "serial": 13,
    "lineage": "a212515c-d52f-4e3e-88b1-78ff790b77fe",
    "modules": [
        {
            "path": [
                "root"
            ],
            "outputs": {},
            "resources": {
                "openstack_compute_keypair_v2.admin-keypair": {
                    "type": "openstack_compute_keypair_v2",
                    "depends_on": [],
                    "primary": {
                        "id": "admin-keypair",
                        "attributes": {
                            "id": "admin-keypair",
                            "name": "admin-keypair",
                            "public_key": "ssh-rsa AAAAB3NzaC1yc2EAAAADAQABAAABAQDe/UY2m24End3+8849Au+tnQJ4q/jmZ59j2Er3poePSaHwBc7xfMfAvHsihrtRpP29df1XiiBuq+m/Y29xPr1np/e9U9pQzO4h1ImGvXVjv3siMeemgEW4QhdIKbowt+EsQJJ1fpcg1bTEW4ZUwZdrHMXRmWeXmbN/Yzd8ASx2pogipS9j/wxwqepR+XUj203gteLAFMFGPYLAPQnMGrMWkxuth0k2SvwrqW+YCmVj3NjrdcKvF0bdmDozNIcO4WmM7AewFS2nL615s/nUw3KDDwMTa9RWjIle13Bty3kHQRHxFD/NHeX0yj+yTt6uD11s1fiV8HJKqrnmkdMwBAyF admin@rheltest",
                            "region": "RegionOne"
                        },
                        "meta": {},
                        "tainted": false
                    },
                    "deposed": [],
                    "provider": ""
                },
                "openstack_compute_secgroup_v2.kubernetes_master": {
                    "type": "openstack_compute_secgroup_v2",
                    "depends_on": [],
                    "primary": {
                        "id": "814654bf-03b4-4dc0-8f8f-491efc0c965a",
                        "attributes": {
                            "description": "Kubernetes master security group",
                            "id": "814654bf-03b4-4dc0-8f8f-491efc0c965a",
                            "name": "kubernetes_master",
                            "region": "RegionOne",
                            "rule.#": "2",
                            "rule.2586531860.cidr": "192.168.100.0/24",
                            "rule.2586531860.from_group_id": "",
                            "rule.2586531860.from_port": "-1",
                            "rule.2586531860.id": "86f67b2e-c279-4429-bd59-13c3449479a4",
                            "rule.2586531860.ip_protocol": "icmp",
                            "rule.2586531860.self": "false",
                            "rule.2586531860.to_port": "-1",
                            "rule.916507288.cidr": "192.168.100.0/24",
                            "rule.916507288.from_group_id": "",
                            "rule.916507288.from_port": "22",
                            "rule.916507288.id": "f55b9a7a-8682-4450-a665-0cfe5d61e9fb",
                            "rule.916507288.ip_protocol": "tcp",
                            "rule.916507288.self": "false",
                            "rule.916507288.to_port": "22"
                        },
                        "meta": {
                            "e2bfb730-ecaa-11e6-8f88-34363bc7c4c0": {
                                "delete": 600000000000
                            }
                        },
                        "tainted": false
                    },
                    "deposed": [],
                    "provider": ""
                },
                "openstack_compute_secgroup_v2.kubernetes_node": {
                    "type": "openstack_compute_secgroup_v2",
                    "depends_on": [],
                    "primary": {
                        "id": "6dc922be-d457-4645-96ac-0400e07798c0",
                        "attributes": {
                            "description": "Kubernetes node security group",
                            "id": "6dc922be-d457-4645-96ac-0400e07798c0",
                            "name": "kubernetes_node",
                            "region": "RegionOne",
                            "rule.#": "2",
                            "rule.2586531860.cidr": "192.168.100.0/24",
                            "rule.2586531860.from_group_id": "",
                            "rule.2586531860.from_port": "-1",
                            "rule.2586531860.id": "a29aef79-23d2-46c6-ae2c-c0898e7e89c9",
                            "rule.2586531860.ip_protocol": "icmp",
                            "rule.2586531860.self": "false",
                            "rule.2586531860.to_port": "-1",
                            "rule.916507288.cidr": "192.168.100.0/24",
                            "rule.916507288.from_group_id": "",
                            "rule.916507288.from_port": "22",
                            "rule.916507288.id": "3e022c6d-668e-41b2-880b-3ce1bf095a20",
                            "rule.916507288.ip_protocol": "tcp",
                            "rule.916507288.self": "false",
                            "rule.916507288.to_port": "22"
                        },
                        "meta": {
                            "e2bfb730-ecaa-11e6-8f88-34363bc7c4c0": {
                                "delete": 600000000000
                            }
                        },
                        "tainted": false
                    },
                    "deposed": [],
                    "provider": ""
                }
            },
            "depends_on": []
        },
        {
            "path": [
                "root",
                "internal_network"
            ],
            "outputs": {
                "network_id": {
                    "sensitive": false,
                    "type": "string",
                    "value": "70d7f7b5-08b4-4cf7-9a01-3a535d5d6c0c"
                },
                "subnet_id": {
                    "sensitive": false,
                    "type": "string",
                    "value": "4b103717-30cd-4895-bb60-6369b8249374"
                }
            },
            "resources": {
                "openstack_networking_network_v2.network": {
                    "type": "openstack_networking_network_v2",
                    "depends_on": [],
                    "primary": {
                        "id": "70d7f7b5-08b4-4cf7-9a01-3a535d5d6c0c",
                        "attributes": {
                            "admin_state_up": "true",
                            "id": "70d7f7b5-08b4-4cf7-9a01-3a535d5d6c0c",
                            "name": "internal_network",
                            "region": "RegionOne",
                            "shared": "false",
                            "tenant_id": "dd453e33ef8e415fa224027280502cfe"
                        },
                        "meta": {
                            "e2bfb730-ecaa-11e6-8f88-34363bc7c4c0": {
                                "create": 600000000000,
                                "delete": 600000000000
                            }
                        },
                        "tainted": false
                    },
                    "deposed": [],
                    "provider": ""
                },
                "openstack_networking_subnet_v2.subnet": {
                    "type": "openstack_networking_subnet_v2",
                    "depends_on": [
                        "openstack_networking_network_v2.network"
                    ],
                    "primary": {
                        "id": "4b103717-30cd-4895-bb60-6369b8249374",
                        "attributes": {
                            "allocation_pools.#": "1",
                            "allocation_pools.0.end": "10.10.10.254",
                            "allocation_pools.0.start": "10.10.10.2",
                            "cidr": "10.10.10.0/24",
                            "dns_nameservers.#": "0",
                            "enable_dhcp": "true",
                            "gateway_ip": "10.10.10.1",
                            "host_routes.#": "0",
                            "id": "4b103717-30cd-4895-bb60-6369b8249374",
                            "ip_version": "4",
                            "name": "internal_subnet",
                            "network_id": "70d7f7b5-08b4-4cf7-9a01-3a535d5d6c0c",
                            "region": "RegionOne",
                            "tenant_id": "dd453e33ef8e415fa224027280502cfe"
                        },
                        "meta": {
                            "e2bfb730-ecaa-11e6-8f88-34363bc7c4c0": {
                                "create": 600000000000,
                                "delete": 600000000000
                            }
                        },
                        "tainted": false
                    },
                    "deposed": [],
                    "provider": ""
                }
            },
            "depends_on": []
        },
        {
            "path": [
                "root",
                "ksmaster"
            ],
            "outputs": {
                "floating_ip": {
                    "sensitive": false,
                    "type": "list",
                    "value": [
                        "192.168.100.200"
                    ]
                },
                "instance_id": {
                    "sensitive": false,
                    "type": "string",
                    "value": "9defc811-a187-4c14-9b66-904bedc78ccd"
                }
            },
            "resources": {
                "openstack_compute_floatingip_v2.floating": {
                    "type": "openstack_compute_floatingip_v2",
                    "depends_on": [],
                    "primary": {
                        "id": "46398681-4c9e-4b55-a2ec-27167334cf1c",
                        "attributes": {
                            "address": "192.168.100.200",
                            "fixed_ip": "",
                            "id": "46398681-4c9e-4b55-a2ec-27167334cf1c",
                            "instance_id": "",
                            "pool": "external_network",
                            "region": "RegionOne"
                        },
                        "meta": {},
                        "tainted": false
                    },
                    "deposed": [],
                    "provider": ""
                },
                "openstack_compute_instance_v2.instance": {
                    "type": "openstack_compute_instance_v2",
                    "depends_on": [
                        "openstack_compute_floatingip_v2.floating.*"
                    ],
                    "primary": {
                        "id": "9defc811-a187-4c14-9b66-904bedc78ccd",
                        "attributes": {
                            "access_ip_v4": "10.10.10.10",
                            "access_ip_v6": "",
                            "all_metadata.%": "0",
                            "availability_zone": "nova",
                            "flavor_id": "24e308a2-78cc-4f7e-8d5d-1247beb4636e",
                            "flavor_name": "kubernets_master",
                            "force_delete": "false",
                            "id": "9defc811-a187-4c14-9b66-904bedc78ccd",
                            "image_id": "7d74d146-1259-4107-9bfa-158697c8c7e7",
                            "image_name": "centos7_custom",
                            "key_pair": "admin-keypair",
                            "name": "RegionOne-ppscu-ksmaster-01",
                            "network.#": "1",
                            "network.0.access_network": "false",
                            "network.0.fixed_ip_v4": "10.10.10.10",
                            "network.0.fixed_ip_v6": "",
                            "network.0.floating_ip": "192.168.100.200",
                            "network.0.mac": "fa:16:3e:b3:ad:88",
                            "network.0.name": "internal_network",
                            "network.0.port": "",
                            "network.0.uuid": "70d7f7b5-08b4-4cf7-9a01-3a535d5d6c0c",
                            "region": "RegionOne",
                            "security_groups.#": "1",
                            "security_groups.4042156386": "kubernetes_master",
                            "stop_before_destroy": "false",
                            "volume.#": "0"
                        },
                        "meta": {
                            "e2bfb730-ecaa-11e6-8f88-34363bc7c4c0": {
                                "create": 1800000000000,
                                "delete": 1800000000000,
                                "update": 1800000000000
                            }
                        },
                        "tainted": false
                    },
                    "deposed": [],
                    "provider": ""
                }
            },
            "depends_on": []
        },
        {
            "path": [
                "root",
                "ksnode"
            ],
            "outputs": {
                "floating_ip": {
                    "sensitive": false,
                    "type": "list",
                    "value": [
                        "192.168.100.209",
                        "192.168.100.204"
                    ]
                },
                "instance_id": {
                    "sensitive": false,
                    "type": "string",
                    "value": "30c80541-7f3a-44d9-8d65-0e425a395ba1,f378a410-f5f0-4c08-82a3-610101a4834c"
                }
            },
            "resources": {
                "openstack_compute_floatingip_v2.floating.0": {
                    "type": "openstack_compute_floatingip_v2",
                    "depends_on": [],
                    "primary": {
                        "id": "0811e612-0c2b-45b7-a3e3-b7fcf869afd6",
                        "attributes": {
                            "address": "192.168.100.209",
                            "fixed_ip": "",
                            "id": "0811e612-0c2b-45b7-a3e3-b7fcf869afd6",
                            "instance_id": "",
                            "pool": "external_network",
                            "region": "RegionOne"
                        },
                        "meta": {},
                        "tainted": false
                    },
                    "deposed": [],
                    "provider": ""
                },
                "openstack_compute_floatingip_v2.floating.1": {
                    "type": "openstack_compute_floatingip_v2",
                    "depends_on": [],
                    "primary": {
                        "id": "66efc1cf-0f7d-470e-a922-a0b649638cd6",
                        "attributes": {
                            "address": "192.168.100.204",
                            "fixed_ip": "",
                            "id": "66efc1cf-0f7d-470e-a922-a0b649638cd6",
                            "instance_id": "",
                            "pool": "external_network",
                            "region": "RegionOne"
                        },
                        "meta": {},
                        "tainted": false
                    },
                    "deposed": [],
                    "provider": ""
                },
                "openstack_compute_instance_v2.instance.0": {
                    "type": "openstack_compute_instance_v2",
                    "depends_on": [
                        "openstack_compute_floatingip_v2.floating.*"
                    ],
                    "primary": {
                        "id": "30c80541-7f3a-44d9-8d65-0e425a395ba1",
                        "attributes": {
                            "access_ip_v4": "10.10.10.4",
                            "access_ip_v6": "",
                            "all_metadata.%": "0",
                            "availability_zone": "nova",
                            "flavor_id": "aedad9f5-fae2-440b-bae1-f1d1b987868b",
                            "flavor_name": "kubernets_node",
                            "force_delete": "false",
                            "id": "30c80541-7f3a-44d9-8d65-0e425a395ba1",
                            "image_id": "7d74d146-1259-4107-9bfa-158697c8c7e7",
                            "image_name": "centos7_custom",
                            "key_pair": "admin-keypair",
                            "name": "RegionOne-ppscu-ksnode-01",
                            "network.#": "1",
                            "network.0.access_network": "false",
                            "network.0.fixed_ip_v4": "10.10.10.4",
                            "network.0.fixed_ip_v6": "",
                            "network.0.floating_ip": "192.168.100.209",
                            "network.0.mac": "fa:16:3e:93:28:29",
                            "network.0.name": "internal_network",
                            "network.0.port": "",
                            "network.0.uuid": "70d7f7b5-08b4-4cf7-9a01-3a535d5d6c0c",
                            "region": "RegionOne",
                            "security_groups.#": "1",
                            "security_groups.3863330497": "kubernetes_node",
                            "stop_before_destroy": "false",
                            "volume.#": "0"
                        },
                        "meta": {
                            "e2bfb730-ecaa-11e6-8f88-34363bc7c4c0": {
                                "create": 1800000000000,
                                "delete": 1800000000000,
                                "update": 1800000000000
                            }
                        },
                        "tainted": false
                    },
                    "deposed": [],
                    "provider": ""
                },
                "openstack_compute_instance_v2.instance.1": {
                    "type": "openstack_compute_instance_v2",
                    "depends_on": [
                        "openstack_compute_floatingip_v2.floating.*"
                    ],
                    "primary": {
                        "id": "f378a410-f5f0-4c08-82a3-610101a4834c",
                        "attributes": {
                            "access_ip_v4": "10.10.10.5",
                            "access_ip_v6": "",
                            "all_metadata.%": "0",
                            "availability_zone": "nova",
                            "flavor_id": "aedad9f5-fae2-440b-bae1-f1d1b987868b",
                            "flavor_name": "kubernets_node",
                            "force_delete": "false",
                            "id": "f378a410-f5f0-4c08-82a3-610101a4834c",
                            "image_id": "7d74d146-1259-4107-9bfa-158697c8c7e7",
                            "image_name": "centos7_custom",
                            "key_pair": "admin-keypair",
                            "name": "RegionOne-ppscu-ksnode-02",
                            "network.#": "1",
                            "network.0.access_network": "false",
                            "network.0.fixed_ip_v4": "10.10.10.5",
                            "network.0.fixed_ip_v6": "",
                            "network.0.floating_ip": "192.168.100.204",
                            "network.0.mac": "fa:16:3e:c5:62:c8",
                            "network.0.name": "internal_network",
                            "network.0.port": "",
                            "network.0.uuid": "70d7f7b5-08b4-4cf7-9a01-3a535d5d6c0c",
                            "region": "RegionOne",
                            "security_groups.#": "1",
                            "security_groups.3863330497": "kubernetes_node",
                            "stop_before_destroy": "false",
                            "volume.#": "0"
                        },
                        "meta": {
                            "e2bfb730-ecaa-11e6-8f88-34363bc7c4c0": {
                                "create": 1800000000000,
                                "delete": 1800000000000,
                                "update": 1800000000000
                            }
                        },
                        "tainted": false
                    },
                    "deposed": [],
                    "provider": ""
                }
            },
            "depends_on": []
        },
        {
            "path": [
                "root",
                "openshift-router"
            ],
            "outputs": {},
            "resources": {
                "openstack_networking_router_interface_v2.router_interface_1": {
                    "type": "openstack_networking_router_interface_v2",
                    "depends_on": [
                        "openstack_networking_router_v2.router"
                    ],
                    "primary": {
                        "id": "69c8d340-788d-4bd5-bb1d-284f180333df",
                        "attributes": {
                            "id": "69c8d340-788d-4bd5-bb1d-284f180333df",
                            "region": "RegionOne",
                            "router_id": "54329d11-2428-449f-9cf3-5b7e3c8891e4",
                            "subnet_id": "4b103717-30cd-4895-bb60-6369b8249374"
                        },
                        "meta": {
                            "e2bfb730-ecaa-11e6-8f88-34363bc7c4c0": {
                                "create": 600000000000,
                                "delete": 600000000000
                            }
                        },
                        "tainted": false
                    },
                    "deposed": [],
                    "provider": ""
                },
                "openstack_networking_router_v2.router": {
                    "type": "openstack_networking_router_v2",
                    "depends_on": [],
                    "primary": {
                        "id": "54329d11-2428-449f-9cf3-5b7e3c8891e4",
                        "attributes": {
                            "admin_state_up": "true",
                            "distributed": "false",
                            "external_gateway": "72d9b479-9998-4cf4-aaba-bab7e6f3d9e5",
                            "id": "54329d11-2428-449f-9cf3-5b7e3c8891e4",
                            "name": "openshift-router",
                            "region": "RegionOne",
                            "tenant_id": "dd453e33ef8e415fa224027280502cfe"
                        },
                        "meta": {
                            "e2bfb730-ecaa-11e6-8f88-34363bc7c4c0": {
                                "create": 600000000000,
                                "delete": 600000000000
                            }
                        },
                        "tainted": false
                    },
                    "deposed": [],
                    "provider": ""
                }
            },
            "depends_on": []
        }
    ]
}
